// !$*UTF8*$!
{
	archiveVersion = 1;
	classes = {
	};
	objectVersion = 48;
	objects = {

/* Begin PBXBuildFile section */
		77AF03481FAC429F0028BEAB /* AppDelegate.swift in Sources */ = {isa = PBXBuildFile; fileRef = 77AF03471FAC429F0028BEAB /* AppDelegate.swift */; };
		77AF034A1FAC429F0028BEAB /* ViewController.swift in Sources */ = {isa = PBXBuildFile; fileRef = 77AF03491FAC429F0028BEAB /* ViewController.swift */; };
		77AF034D1FAC429F0028BEAB /* Main.storyboard in Resources */ = {isa = PBXBuildFile; fileRef = 77AF034B1FAC429F0028BEAB /* Main.storyboard */; };
		77AF034F1FAC429F0028BEAB /* Assets.xcassets in Resources */ = {isa = PBXBuildFile; fileRef = 77AF034E1FAC429F0028BEAB /* Assets.xcassets */; };
		77AF03521FAC429F0028BEAB /* LaunchScreen.storyboard in Resources */ = {isa = PBXBuildFile; fileRef = 77AF03501FAC429F0028BEAB /* LaunchScreen.storyboard */; };
		77AF035D1FAC429F0028BEAB /* CalculatorTests.swift in Sources */ = {isa = PBXBuildFile; fileRef = 77AF035C1FAC429F0028BEAB /* CalculatorTests.swift */; };
		77AF03681FAC42A00028BEAB /* CalculatorUITests.swift in Sources */ = {isa = PBXBuildFile; fileRef = 77AF03671FAC42A00028BEAB /* CalculatorUITests.swift */; };
		77AF03761FAC43870028BEAB /* CalculatorViewController.swift in Sources */ = {isa = PBXBuildFile; fileRef = 77AF03751FAC43870028BEAB /* CalculatorViewController.swift */; };
/* End PBXBuildFile section */

/* Begin PBXContainerItemProxy section */
		77AF03591FAC429F0028BEAB /* PBXContainerItemProxy */ = {
			isa = PBXContainerItemProxy;
			containerPortal = 77AF033C1FAC429F0028BEAB /* Project object */;
			proxyType = 1;
			remoteGlobalIDString = 77AF03431FAC429F0028BEAB;
			remoteInfo = Calculator;
		};
		77AF03641FAC42A00028BEAB /* PBXContainerItemProxy */ = {
			isa = PBXContainerItemProxy;
			containerPortal = 77AF033C1FAC429F0028BEAB /* Project object */;
			proxyType = 1;
			remoteGlobalIDString = 77AF03431FAC429F0028BEAB;
			remoteInfo = Calculator;
		};
/* End PBXContainerItemProxy section */

/* Begin PBXFileReference section */
		77AF03441FAC429F0028BEAB /* Calculator.app */ = {isa = PBXFileReference; explicitFileType = wrapper.application; includeInIndex = 0; path = Calculator.app; sourceTree = BUILT_PRODUCTS_DIR; };
		77AF03471FAC429F0028BEAB /* AppDelegate.swift */ = {isa = PBXFileReference; lastKnownFileType = sourcecode.swift; path = AppDelegate.swift; sourceTree = "<group>"; };
		77AF03491FAC429F0028BEAB /* ViewController.swift */ = {isa = PBXFileReference; lastKnownFileType = sourcecode.swift; path = ViewController.swift; sourceTree = "<group>"; };
		77AF034C1FAC429F0028BEAB /* Base */ = {isa = PBXFileReference; lastKnownFileType = file.storyboard; name = Base; path = Base.lproj/Main.storyboard; sourceTree = "<group>"; };
		77AF034E1FAC429F0028BEAB /* Assets.xcassets */ = {isa = PBXFileReference; lastKnownFileType = folder.assetcatalog; path = Assets.xcassets; sourceTree = "<group>"; };
		77AF03511FAC429F0028BEAB /* Base */ = {isa = PBXFileReference; lastKnownFileType = file.storyboard; name = Base; path = Base.lproj/LaunchScreen.storyboard; sourceTree = "<group>"; };
		77AF03531FAC429F0028BEAB /* Info.plist */ = {isa = PBXFileReference; lastKnownFileType = text.plist.xml; path = Info.plist; sourceTree = "<group>"; };
		77AF03581FAC429F0028BEAB /* CalculatorTests.xctest */ = {isa = PBXFileReference; explicitFileType = wrapper.cfbundle; includeInIndex = 0; path = CalculatorTests.xctest; sourceTree = BUILT_PRODUCTS_DIR; };
		77AF035C1FAC429F0028BEAB /* CalculatorTests.swift */ = {isa = PBXFileReference; lastKnownFileType = sourcecode.swift; path = CalculatorTests.swift; sourceTree = "<group>"; };
		77AF035E1FAC429F0028BEAB /* Info.plist */ = {isa = PBXFileReference; lastKnownFileType = text.plist.xml; path = Info.plist; sourceTree = "<group>"; };
		77AF03631FAC42A00028BEAB /* CalculatorUITests.xctest */ = {isa = PBXFileReference; explicitFileType = wrapper.cfbundle; includeInIndex = 0; path = CalculatorUITests.xctest; sourceTree = BUILT_PRODUCTS_DIR; };
		77AF03671FAC42A00028BEAB /* CalculatorUITests.swift */ = {isa = PBXFileReference; lastKnownFileType = sourcecode.swift; path = CalculatorUITests.swift; sourceTree = "<group>"; };
		77AF03691FAC42A00028BEAB /* Info.plist */ = {isa = PBXFileReference; lastKnownFileType = text.plist.xml; path = Info.plist; sourceTree = "<group>"; };
		77AF03751FAC43870028BEAB /* CalculatorViewController.swift */ = {isa = PBXFileReference; lastKnownFileType = sourcecode.swift; path = CalculatorViewController.swift; sourceTree = "<group>"; };
/* End PBXFileReference section */

/* Begin PBXFrameworksBuildPhase section */
		77AF03411FAC429F0028BEAB /* Frameworks */ = {
			isa = PBXFrameworksBuildPhase;
			buildActionMask = 2147483647;
			files = (
			);
			runOnlyForDeploymentPostprocessing = 0;
		};
		77AF03551FAC429F0028BEAB /* Frameworks */ = {
			isa = PBXFrameworksBuildPhase;
			buildActionMask = 2147483647;
			files = (
			);
			runOnlyForDeploymentPostprocessing = 0;
		};
		77AF03601FAC42A00028BEAB /* Frameworks */ = {
			isa = PBXFrameworksBuildPhase;
			buildActionMask = 2147483647;
			files = (
			);
			runOnlyForDeploymentPostprocessing = 0;
		};
/* End PBXFrameworksBuildPhase section */

/* Begin PBXGroup section */
		77AF033B1FAC429F0028BEAB = {
			isa = PBXGroup;
			children = (
				77AF03461FAC429F0028BEAB /* Calculator */,
				77AF035B1FAC429F0028BEAB /* CalculatorTests */,
				77AF03661FAC42A00028BEAB /* CalculatorUITests */,
				77AF03451FAC429F0028BEAB /* Products */,
			);
			sourceTree = "<group>";
		};
		77AF03451FAC429F0028BEAB /* Products */ = {
			isa = PBXGroup;
			children = (
				77AF03441FAC429F0028BEAB /* Calculator.app */,
				77AF03581FAC429F0028BEAB /* CalculatorTests.xctest */,
				77AF03631FAC42A00028BEAB /* CalculatorUITests.xctest */,
			);
			name = Products;
			sourceTree = "<group>";
		};
		77AF03461FAC429F0028BEAB /* Calculator */ = {
			isa = PBXGroup;
			children = (
				77AF03471FAC429F0028BEAB /* AppDelegate.swift */,
				77AF03491FAC429F0028BEAB /* ViewController.swift */,
				77AF034B1FAC429F0028BEAB /* Main.storyboard */,
				77AF03751FAC43870028BEAB /* CalculatorViewController.swift */,
				77AF034E1FAC429F0028BEAB /* Assets.xcassets */,
				77AF03501FAC429F0028BEAB /* LaunchScreen.storyboard */,
				77AF03531FAC429F0028BEAB /* Info.plist */,
			);
			path = Calculator;
			sourceTree = "<group>";
		};
		77AF035B1FAC429F0028BEAB /* CalculatorTests */ = {
			isa = PBXGroup;
			children = (
				77AF035C1FAC429F0028BEAB /* CalculatorTests.swift */,
				77AF035E1FAC429F0028BEAB /* Info.plist */,
			);
			path = CalculatorTests;
			sourceTree = "<group>";
		};
		77AF03661FAC42A00028BEAB /* CalculatorUITests */ = {
			isa = PBXGroup;
			children = (
				77AF03671FAC42A00028BEAB /* CalculatorUITests.swift */,
				77AF03691FAC42A00028BEAB /* Info.plist */,
			);
			path = CalculatorUITests;
			sourceTree = "<group>";
		};
/* End PBXGroup section */

/* Begin PBXNativeTarget section */
		77AF03431FAC429F0028BEAB /* Calculator */ = {
			isa = PBXNativeTarget;
			buildConfigurationList = 77AF036C1FAC42A00028BEAB /* Build configuration list for PBXNativeTarget "Calculator" */;
			buildPhases = (
				77AF03401FAC429F0028BEAB /* Sources */,
				77AF03411FAC429F0028BEAB /* Frameworks */,
				77AF03421FAC429F0028BEAB /* Resources */,
			);
			buildRules = (
			);
			dependencies = (
			);
			name = Calculator;
			productName = Calculator;
			productReference = 77AF03441FAC429F0028BEAB /* Calculator.app */;
			productType = "com.apple.product-type.application";
		};
		77AF03571FAC429F0028BEAB /* CalculatorTests */ = {
			isa = PBXNativeTarget;
			buildConfigurationList = 77AF036F1FAC42A00028BEAB /* Build configuration list for PBXNativeTarget "CalculatorTests" */;
			buildPhases = (
				77AF03541FAC429F0028BEAB /* Sources */,
				77AF03551FAC429F0028BEAB /* Frameworks */,
				77AF03561FAC429F0028BEAB /* Resources */,
			);
			buildRules = (
			);
			dependencies = (
				77AF035A1FAC429F0028BEAB /* PBXTargetDependency */,
			);
			name = CalculatorTests;
			productName = CalculatorTests;
			productReference = 77AF03581FAC429F0028BEAB /* CalculatorTests.xctest */;
			productType = "com.apple.product-type.bundle.unit-test";
		};
		77AF03621FAC42A00028BEAB /* CalculatorUITests */ = {
			isa = PBXNativeTarget;
			buildConfigurationList = 77AF03721FAC42A00028BEAB /* Build configuration list for PBXNativeTarget "CalculatorUITests" */;
			buildPhases = (
				77AF035F1FAC42A00028BEAB /* Sources */,
				77AF03601FAC42A00028BEAB /* Frameworks */,
				77AF03611FAC42A00028BEAB /* Resources */,
			);
			buildRules = (
			);
			dependencies = (
				77AF03651FAC42A00028BEAB /* PBXTargetDependency */,
			);
			name = CalculatorUITests;
			productName = CalculatorUITests;
			productReference = 77AF03631FAC42A00028BEAB /* CalculatorUITests.xctest */;
			productType = "com.apple.product-type.bundle.ui-testing";
		};
/* End PBXNativeTarget section */

/* Begin PBXProject section */
		77AF033C1FAC429F0028BEAB /* Project object */ = {
			isa = PBXProject;
			attributes = {
				LastSwiftUpdateCheck = 0900;
				LastUpgradeCheck = 0900;
				ORGANIZATIONNAME = "施馨檸";
				TargetAttributes = {
					77AF03431FAC429F0028BEAB = {
						CreatedOnToolsVersion = 9.0;
						ProvisioningStyle = Automatic;
					};
					77AF03571FAC429F0028BEAB = {
						CreatedOnToolsVersion = 9.0;
						ProvisioningStyle = Automatic;
						TestTargetID = 77AF03431FAC429F0028BEAB;
					};
					77AF03621FAC42A00028BEAB = {
						CreatedOnToolsVersion = 9.0;
						ProvisioningStyle = Automatic;
						TestTargetID = 77AF03431FAC429F0028BEAB;
					};
				};
			};
			buildConfigurationList = 77AF033F1FAC429F0028BEAB /* Build configuration list for PBXProject "Calculator" */;
			compatibilityVersion = "Xcode 8.0";
			developmentRegion = en;
			hasScannedForEncodings = 0;
			knownRegions = (
				en,
				Base,
			);
			mainGroup = 77AF033B1FAC429F0028BEAB;
			productRefGroup = 77AF03451FAC429F0028BEAB /* Products */;
			projectDirPath = "";
			projectRoot = "";
			targets = (
				77AF03431FAC429F0028BEAB /* Calculator */,
				77AF03571FAC429F0028BEAB /* CalculatorTests */,
				77AF03621FAC42A00028BEAB /* CalculatorUITests */,
			);
		};
/* End PBXProject section */

/* Begin PBXResourcesBuildPhase section */
		77AF03421FAC429F0028BEAB /* Resources */ = {
			isa = PBXResourcesBuildPhase;
			buildActionMask = 2147483647;
			files = (
				77AF03521FAC429F0028BEAB /* LaunchScreen.storyboard in Resources */,
				77AF034F1FAC429F0028BEAB /* Assets.xcassets in Resources */,
				77AF034D1FAC429F0028BEAB /* Main.storyboard in Resources */,
			);
			runOnlyForDeploymentPostprocessing = 0;
		};
		77AF03561FAC429F0028BEAB /* Resources */ = {
			isa = PBXResourcesBuildPhase;
			buildActionMask = 2147483647;
			files = (
			);
			runOnlyForDeploymentPostprocessing = 0;
		};
		77AF03611FAC42A00028BEAB /* Resources */ = {
			isa = PBXResourcesBuildPhase;
			buildActionMask = 2147483647;
			files = (
			);
			runOnlyForDeploymentPostprocessing = 0;
		};
/* End PBXResourcesBuildPhase section */

/* Begin PBXSourcesBuildPhase section */
		77AF03401FAC429F0028BEAB /* Sources */ = {
			isa = PBXSourcesBuildPhase;
			buildActionMask = 2147483647;
			files = (
				77AF034A1FAC429F0028BEAB /* ViewController.swift in Sources */,
				77AF03761FAC43870028BEAB /* CalculatorViewController.swift in Sources */,
				77AF03481FAC429F0028BEAB /* AppDelegate.swift in Sources */,
			);
			runOnlyForDeploymentPostprocessing = 0;
		};
		77AF03541FAC429F0028BEAB /* Sources */ = {
			isa = PBXSourcesBuildPhase;
			buildActionMask = 2147483647;
			files = (
				77AF035D1FAC429F0028BEAB /* CalculatorTests.swift in Sources */,
			);
			runOnlyForDeploymentPostprocessing = 0;
		};
		77AF035F1FAC42A00028BEAB /* Sources */ = {
			isa = PBXSourcesBuildPhase;
			buildActionMask = 2147483647;
			files = (
				77AF03681FAC42A00028BEAB /* CalculatorUITests.swift in Sources */,
			);
			runOnlyForDeploymentPostprocessing = 0;
		};
/* End PBXSourcesBuildPhase section */

/* Begin PBXTargetDependency section */
		77AF035A1FAC429F0028BEAB /* PBXTargetDependency */ = {
			isa = PBXTargetDependency;
			target = 77AF03431FAC429F0028BEAB /* Calculator */;
			targetProxy = 77AF03591FAC429F0028BEAB /* PBXContainerItemProxy */;
		};
		77AF03651FAC42A00028BEAB /* PBXTargetDependency */ = {
			isa = PBXTargetDependency;
			target = 77AF03431FAC429F0028BEAB /* Calculator */;
			targetProxy = 77AF03641FAC42A00028BEAB /* PBXContainerItemProxy */;
		};
/* End PBXTargetDependency section */

/* Begin PBXVariantGroup section */
		77AF034B1FAC429F0028BEAB /* Main.storyboard */ = {
			isa = PBXVariantGroup;
			children = (
				77AF034C1FAC429F0028BEAB /* Base */,
			);
			name = Main.storyboard;
			sourceTree = "<group>";
		};
		77AF03501FAC429F0028BEAB /* LaunchScreen.storyboard */ = {
			isa = PBXVariantGroup;
			children = (
				77AF03511FAC429F0028BEAB /* Base */,
			);
			name = LaunchScreen.storyboard;
			sourceTree = "<group>";
		};
/* End PBXVariantGroup section */

/* Begin XCBuildConfiguration section */
		77AF036A1FAC42A00028BEAB /* Debug */ = {
			isa = XCBuildConfiguration;
			buildSettings = {
				ALWAYS_SEARCH_USER_PATHS = NO;
				CLANG_ANALYZER_NONNULL = YES;
				CLANG_ANALYZER_NUMBER_OBJECT_CONVERSION = YES_AGGRESSIVE;
				CLANG_CXX_LANGUAGE_STANDARD = "gnu++14";
				CLANG_CXX_LIBRARY = "libc++";
				CLANG_ENABLE_MODULES = YES;
				CLANG_ENABLE_OBJC_ARC = YES;
				CLANG_WARN_BLOCK_CAPTURE_AUTORELEASING = YES;
				CLANG_WARN_BOOL_CONVERSION = YES;
				CLANG_WARN_COMMA = YES;
				CLANG_WARN_CONSTANT_CONVERSION = YES;
				CLANG_WARN_DIRECT_OBJC_ISA_USAGE = YES_ERROR;
				CLANG_WARN_DOCUMENTATION_COMMENTS = YES;
				CLANG_WARN_EMPTY_BODY = YES;
				CLANG_WARN_ENUM_CONVERSION = YES;
				CLANG_WARN_INFINITE_RECURSION = YES;
				CLANG_WARN_INT_CONVERSION = YES;
				CLANG_WARN_NON_LITERAL_NULL_CONVERSION = YES;
				CLANG_WARN_OBJC_LITERAL_CONVERSION = YES;
				CLANG_WARN_OBJC_ROOT_CLASS = YES_ERROR;
				CLANG_WARN_RANGE_LOOP_ANALYSIS = YES;
				CLANG_WARN_STRICT_PROTOTYPES = YES;
				CLANG_WARN_SUSPICIOUS_MOVE = YES;
				CLANG_WARN_UNGUARDED_AVAILABILITY = YES_AGGRESSIVE;
				CLANG_WARN_UNREACHABLE_CODE = YES;
				CLANG_WARN__DUPLICATE_METHOD_MATCH = YES;
				CODE_SIGN_IDENTITY = "iPhone Developer";
				COPY_PHASE_STRIP = NO;
				DEBUG_INFORMATION_FORMAT = dwarf;
				ENABLE_STRICT_OBJC_MSGSEND = YES;
				ENABLE_TESTABILITY = YES;
				GCC_C_LANGUAGE_STANDARD = gnu11;
				GCC_DYNAMIC_NO_PIC = NO;
				GCC_NO_COMMON_BLOCKS = YES;
				GCC_OPTIMIZATION_LEVEL = 0;
				GCC_PREPROCESSOR_DEFINITIONS = (
					"DEBUG=1",
					"$(inherited)",
				);
				GCC_WARN_64_TO_32_BIT_CONVERSION = YES;
				GCC_WARN_ABOUT_RETURN_TYPE = YES_ERROR;
				GCC_WARN_UNDECLARED_SELECTOR = YES;
				GCC_WARN_UNINITIALIZED_AUTOS = YES_AGGRESSIVE;
				GCC_WARN_UNUSED_FUNCTION = YES;
				GCC_WARN_UNUSED_VARIABLE = YES;
				IPHONEOS_DEPLOYMENT_TARGET = 11.0;
				MTL_ENABLE_DEBUG_INFO = YES;
				ONLY_ACTIVE_ARCH = YES;
				SDKROOT = iphoneos;
				SWIFT_ACTIVE_COMPILATION_CONDITIONS = DEBUG;
				SWIFT_OPTIMIZATION_LEVEL = "-Onone";
			};
			name = Debug;
		};
		77AF036B1FAC42A00028BEAB /* Release */ = {
			isa = XCBuildConfiguration;
			buildSettings = {
				ALWAYS_SEARCH_USER_PATHS = NO;
				CLANG_ANALYZER_NONNULL = YES;
				CLANG_ANALYZER_NUMBER_OBJECT_CONVERSION = YES_AGGRESSIVE;
				CLANG_CXX_LANGUAGE_STANDARD = "gnu++14";
				CLANG_CXX_LIBRARY = "libc++";
				CLANG_ENABLE_MODULES = YES;
				CLANG_ENABLE_OBJC_ARC = YES;
				CLANG_WARN_BLOCK_CAPTURE_AUTORELEASING = YES;
				CLANG_WARN_BOOL_CONVERSION = YES;
				CLANG_WARN_COMMA = YES;
				CLANG_WARN_CONSTANT_CONVERSION = YES;
				CLANG_WARN_DIRECT_OBJC_ISA_USAGE = YES_ERROR;
				CLANG_WARN_DOCUMENTATION_COMMENTS = YES;
				CLANG_WARN_EMPTY_BODY = YES;
				CLANG_WARN_ENUM_CONVERSION = YES;
				CLANG_WARN_INFINITE_RECURSION = YES;
				CLANG_WARN_INT_CONVERSION = YES;
				CLANG_WARN_NON_LITERAL_NULL_CONVERSION = YES;
				CLANG_WARN_OBJC_LITERAL_CONVERSION = YES;
				CLANG_WARN_OBJC_ROOT_CLASS = YES_ERROR;
				CLANG_WARN_RANGE_LOOP_ANALYSIS = YES;
				CLANG_WARN_STRICT_PROTOTYPES = YES;
				CLANG_WARN_SUSPICIOUS_MOVE = YES;
				CLANG_WARN_UNGUARDED_AVAILABILITY = YES_AGGRESSIVE;
				CLANG_WARN_UNREACHABLE_CODE = YES;
				CLANG_WARN__DUPLICATE_METHOD_MATCH = YES;
				CODE_SIGN_IDENTITY = "iPhone Developer";
				COPY_PHASE_STRIP = NO;
				DEBUG_INFORMATION_FORMAT = "dwarf-with-dsym";
				ENABLE_NS_ASSERTIONS = NO;
				ENABLE_STRICT_OBJC_MSGSEND = YES;
				GCC_C_LANGUAGE_STANDARD = gnu11;
				GCC_NO_COMMON_BLOCKS = YES;
				GCC_WARN_64_TO_32_BIT_CONVERSION = YES;
				GCC_WARN_ABOUT_RETURN_TYPE = YES_ERROR;
				GCC_WARN_UNDECLARED_SELECTOR = YES;
				GCC_WARN_UNINITIALIZED_AUTOS = YES_AGGRESSIVE;
				GCC_WARN_UNUSED_FUNCTION = YES;
				GCC_WARN_UNUSED_VARIABLE = YES;
				IPHONEOS_DEPLOYMENT_TARGET = 11.0;
				MTL_ENABLE_DEBUG_INFO = NO;
				SDKROOT = iphoneos;
				SWIFT_OPTIMIZATION_LEVEL = "-Owholemodule";
				VALIDATE_PRODUCT = YES;
			};
			name = Release;
		};
		77AF036D1FAC42A00028BEAB /* Debug */ = {
			isa = XCBuildConfiguration;
			buildSettings = {
				ASSETCATALOG_COMPILER_APPICON_NAME = AppIcon;
				CODE_SIGN_STYLE = Automatic;
				INFOPLIST_FILE = Calculator/Info.plist;
				LD_RUNPATH_SEARCH_PATHS = "$(inherited) @executable_path/Frameworks";
				PRODUCT_BUNDLE_IDENTIFIER = ning.Calculator;
				PRODUCT_NAME = "$(TARGET_NAME)";
				SWIFT_VERSION = 4.0;
				TARGETED_DEVICE_FAMILY = "1,2";
			};
			name = Debug;
		};
		77AF036E1FAC42A00028BEAB /* Release */ = {
			isa = XCBuildConfiguration;
			buildSettings = {
				ASSETCATALOG_COMPILER_APPICON_NAME = AppIcon;
				CODE_SIGN_STYLE = Automatic;
				INFOPLIST_FILE = Calculator/Info.plist;
				LD_RUNPATH_SEARCH_PATHS = "$(inherited) @executable_path/Frameworks";
				PRODUCT_BUNDLE_IDENTIFIER = ning.Calculator;
				PRODUCT_NAME = "$(TARGET_NAME)";
				SWIFT_VERSION = 4.0;
				TARGETED_DEVICE_FAMILY = "1,2";
			};
			name = Release;
		};
		77AF03701FAC42A00028BEAB /* Debug */ = {
			isa = XCBuildConfiguration;
			buildSettings = {
				ALWAYS_EMBED_SWIFT_STANDARD_LIBRARIES = YES;
				BUNDLE_LOADER = "$(TEST_HOST)";
				CODE_SIGN_STYLE = Automatic;
				INFOPLIST_FILE = CalculatorTests/Info.plist;
				LD_RUNPATH_SEARCH_PATHS = "$(inherited) @executable_path/Frameworks @loader_path/Frameworks";
				PRODUCT_BUNDLE_IDENTIFIER = ning.CalculatorTests;
				PRODUCT_NAME = "$(TARGET_NAME)";
				SWIFT_VERSION = 4.0;
				TARGETED_DEVICE_FAMILY = "1,2";
				TEST_HOST = "$(BUILT_PRODUCTS_DIR)/Calculator.app/Calculator";
			};
			name = Debug;
		};
		77AF03711FAC42A00028BEAB /* Release */ = {
			isa = XCBuildConfiguration;
			buildSettings = {
				ALWAYS_EMBED_SWIFT_STANDARD_LIBRARIES = YES;
				BUNDLE_LOADER = "$(TEST_HOST)";
				CODE_SIGN_STYLE = Automatic;
				INFOPLIST_FILE = CalculatorTests/Info.plist;
				LD_RUNPATH_SEARCH_PATHS = "$(inherited) @executable_path/Frameworks @loader_path/Frameworks";
				PRODUCT_BUNDLE_IDENTIFIER = ning.CalculatorTests;
				PRODUCT_NAME = "$(TARGET_NAME)";
				SWIFT_VERSION = 4.0;
				TARGETED_DEVICE_FAMILY = "1,2";
				TEST_HOST = "$(BUILT_PRODUCTS_DIR)/Calculator.app/Calculator";
			};
			name = Release;
		};
		77AF03731FAC42A00028BEAB /* Debug */ = {
			isa = XCBuildConfiguration;
			buildSettings = {
				ALWAYS_EMBED_SWIFT_STANDARD_LIBRARIES = YES;
				CODE_SIGN_STYLE = Automatic;
				INFOPLIST_FILE = CalculatorUITests/Info.plist;
				LD_RUNPATH_SEARCH_PATHS = "$(inherited) @executable_path/Frameworks @loader_path/Frameworks";
				PRODUCT_BUNDLE_IDENTIFIER = ning.CalculatorUITests;
				PRODUCT_NAME = "$(TARGET_NAME)";
				SWIFT_VERSION = 4.0;
				TARGETED_DEVICE_FAMILY = "1,2";
				TEST_TARGET_NAME = Calculator;
			};
			name = Debug;
		};
		77AF03741FAC42A00028BEAB /* Release */ = {
			isa = XCBuildConfiguration;
			buildSettings = {
				ALWAYS_EMBED_SWIFT_STANDARD_LIBRARIES = YES;
				CODE_SIGN_STYLE = Automatic;
				INFOPLIST_FILE = CalculatorUITests/Info.plist;
				LD_RUNPATH_SEARCH_PATHS = "$(inherited) @executable_path/Frameworks @loader_path/Frameworks";
				PRODUCT_BUNDLE_IDENTIFIER = ning.CalculatorUITests;
				PRODUCT_NAME = "$(TARGET_NAME)";
				SWIFT_VERSION = 4.0;
				TARGETED_DEVICE_FAMILY = "1,2";
				TEST_TARGET_NAME = Calculator;
			};
			name = Release;
		};
/* End XCBuildConfiguration section */

/* Begin XCConfigurationList section */
		77AF033F1FAC429F0028BEAB /* Build configuration list for PBXProject "Calculator" */ = {
			isa = XCConfigurationList;
			buildConfigurations = (
				77AF036A1FAC42A00028BEAB /* Debug */,
				77AF036B1FAC42A00028BEAB /* Release */,
			);
			defaultConfigurationIsVisible = 0;
			defaultConfigurationName = Release;
		};
		77AF036C1FAC42A00028BEAB /* Build configuration list for PBXNativeTarget "Calculator" */ = {
			isa = XCConfigurationList;
			buildConfigurations = (
				77AF036D1FAC42A00028BEAB /* Debug */,
				77AF036E1FAC42A00028BEAB /* Release */,
			);
			defaultConfigurationIsVisible = 0;
			defaultConfigurationName = Release;
		};
		77AF036F1FAC42A00028BEAB /* Build configuration list for PBXNativeTarget "CalculatorTests" */ = {
			isa = XCConfigurationList;
			buildConfigurations = (
				77AF03701FAC42A00028BEAB /* Debug */,
				77AF03711FAC42A00028BEAB /* Release */,
			);
			defaultConfigurationIsVisible = 0;
			defaultConfigurationName = Release;
		};
		77AF03721FAC42A00028BEAB /* Build configuration list for PBXNativeTarget "CalculatorUITests" */ = {
			isa = XCConfigurationList;
			buildConfigurations = (
				77AF03731FAC42A00028BEAB /* Debug */,
				77AF03741FAC42A00028BEAB /* Release */,
			);
			defaultConfigurationIsVisible = 0;
			defaultConfigurationName = Release;
		};
/* End XCConfigurationList section */
	};
	rootObject = 77AF033C1FAC429F0028BEAB /* Project object */;
}
